
Microsoft Visual Studio Solution File, Format Version 12.00
# Visual Studio Version 17
VisualStudioVersion = 17.9.34902.65
MinimumVisualStudioVersion = 10.0.40219.1
Project("{9A19103F-16F7-4668-BE54-9A1E7A4F7556}") = "Core", "src\Core\Core.csproj", "{A6993AAD-EDCB-4D87-934C-B2435959CE6B}"
EndProject
Project("{9A19103F-16F7-4668-BE54-9A1E7A4F7556}") = "Infra", "src\Infra\Infra.csproj", "{59898E55-31A3-4425-9971-AE901BB43FDB}"
EndProject
Project("{9A19103F-16F7-4668-BE54-9A1E7A4F7556}") = "Application", "src\Application\Application.csproj", "{E93C1444-DF18-4FEF-A61E-B28BDCA7427E}"
EndProject
Project("{9A19103F-16F7-4668-BE54-9A1E7A4F7556}") = "App.API", "src\App.API\App.API.csproj", "{48DC2385-D82D-4412-9876-C66BC73824EA}"
EndProject
Project("{2150E333-8FDC-42A3-9474-1A3956D46DE8}") = "0. Libs", "0. Libs", "{F2D89687-832C-476D-8E1F-13874DCFA99E}"
EndProject
Project("{9A19103F-16F7-4668-BE54-9A1E7A4F7556}") = "Libs.AspNetCore", "libs\Libs.AspNetCore\Libs.AspNetCore.csproj", "{4DF35182-6B94-4A5B-85F2-9167AEF2396C}"
EndProject
Project("{9A19103F-16F7-4668-BE54-9A1E7A4F7556}") = "Libs.Core", "libs\Libs.Core\Libs.Core.csproj", "{098BAF4A-14F3-42C7-8F87-303E77DCFF06}"
EndProject
Project("{9A19103F-16F7-4668-BE54-9A1E7A4F7556}") = "Libs.Infra.Mongo", "libs\Libs.Infra.Mongo\Libs.Infra.Mongo.csproj", "{837E316F-07FF-4DE8-81FB-DDE6C5D2D121}"
EndProject
Project("{9A19103F-16F7-4668-BE54-9A1E7A4F7556}") = "Libs.Infra.Postgres", "libs\Libs.Infra.Postgres\Libs.Infra.Postgres.csproj", "{856A1B22-B5ED-4913-B9EF-EEF008F34AB0}"
EndProject
Project("{9A19103F-16F7-4668-BE54-9A1E7A4F7556}") = "Libs.Infra.Redis", "libs\Libs.Infra.Redis\Libs.Infra.Redis.csproj", "{FF65F482-38C7-40CD-A5EE-E6F2F30B0067}"
EndProject
Project("{9A19103F-16F7-4668-BE54-9A1E7A4F7556}") = "Libs.Infra.EntityFrameworkCore", "libs\Libs.Infra.EntityFrameworkCore\Libs.Infra.EntityFrameworkCore.csproj", "{5EC9B909-7A36-40DD-95C7-9DBE8EDC47D9}"
EndProject
Project("{2150E333-8FDC-42A3-9474-1A3956D46DE8}") = "T. Tests", "T. Tests", "{61F382C7-2F7E-4CF1-B068-39F5878AA704}"
EndProject
Project("{2150E333-8FDC-42A3-9474-1A3956D46DE8}") = "T. Tests", "T. Tests", "{F8411D4D-6E02-4655-972F-9B2CE5E274A5}"
EndProject
Project("{2150E333-8FDC-42A3-9474-1A3956D46DE8}") = "D. Docs", "D. Docs", "{0E141F7D-505C-4811-866C-803F064BA565}"
EndProject
Project("{9A19103F-16F7-4668-BE54-9A1E7A4F7556}") = "Libs.AspNetCore.Tests", "libs\tests\Libs.AspNetCore.Tests\Libs.AspNetCore.Tests.csproj", "{EC898D36-7947-46F8-A30A-6A9FED702994}"
EndProject
Project("{9A19103F-16F7-4668-BE54-9A1E7A4F7556}") = "Libs.Core.Tests", "libs\tests\Libs.Core.Tests\Libs.Core.Tests.csproj", "{8D55DE13-E7D4-485A-8F00-01D5ED6662A8}"
EndProject
Project("{9A19103F-16F7-4668-BE54-9A1E7A4F7556}") = "Libs.Infra.EntityFrameworkCore.Tests", "libs\tests\Libs.Infra.EntityFrameworkCore.Tests\Libs.Infra.EntityFrameworkCore.Tests.csproj", "{23FBE032-C4DE-46F4-AC47-2861295682F0}"
EndProject
Project("{9A19103F-16F7-4668-BE54-9A1E7A4F7556}") = "Libs.Infra.Mongo.Tests", "libs\tests\Libs.Infra.Mongo.Tests\Libs.Infra.Mongo.Tests.csproj", "{354366FE-5F85-41E4-8481-998875D5BAE6}"
EndProject
Project("{9A19103F-16F7-4668-BE54-9A1E7A4F7556}") = "Libs.Infra.Postgres.Tests", "libs\tests\Libs.Infra.Postgres.Tests\Libs.Infra.Postgres.Tests.csproj", "{9675CDC4-2B09-4FAD-8D32-46C38B6E8C08}"
EndProject
Project("{9A19103F-16F7-4668-BE54-9A1E7A4F7556}") = "Libs.Infra.Redis.Tests", "libs\tests\Libs.Infra.Redis.Tests\Libs.Infra.Redis.Tests.csproj", "{1C7F1972-A9F5-4992-8677-522298B76673}"
EndProject
Project("{9A19103F-16F7-4668-BE54-9A1E7A4F7556}") = "App.API.Tests", "src\tests\App.API.Tests\App.API.Tests.csproj", "{948894C4-AFCD-4EAC-817A-69A8A769E19E}"
EndProject
Project("{9A19103F-16F7-4668-BE54-9A1E7A4F7556}") = "Application.Tests", "src\tests\Application.Tests\Application.Tests.csproj", "{66E22AEB-F016-4309-BDED-0EAF96105F99}"
EndProject
Project("{9A19103F-16F7-4668-BE54-9A1E7A4F7556}") = "Core.Tests", "src\tests\Core.Tests\Core.Tests.csproj", "{596B1007-64F5-4743-B944-08237D46AFBC}"
EndProject
Project("{9A19103F-16F7-4668-BE54-9A1E7A4F7556}") = "Infra.Tests", "src\tests\Infra.Tests\Infra.Tests.csproj", "{97B7E87F-9EDC-4977-A045-EEDCD9841C3F}"
EndProject
Project("{FAE04EC0-301F-11D3-BF4B-00C04F79EFBC}") = "Libs.Playground", "libs\tests\Libs.Playground\Libs.Playground.csproj", "{8423E2E6-1D38-4E9F-9C21-AE9BD23DCFE9}"
EndProject
Global
	GlobalSection(SolutionConfigurationPlatforms) = preSolution
		Debug|Any CPU = Debug|Any CPU
		Release|Any CPU = Release|Any CPU
	EndGlobalSection
	GlobalSection(ProjectConfigurationPlatforms) = postSolution
		{A6993AAD-EDCB-4D87-934C-B2435959CE6B}.Debug|Any CPU.ActiveCfg = Debug|Any CPU
		{A6993AAD-EDCB-4D87-934C-B2435959CE6B}.Debug|Any CPU.Build.0 = Debug|Any CPU
		{A6993AAD-EDCB-4D87-934C-B2435959CE6B}.Release|Any CPU.ActiveCfg = Release|Any CPU
		{A6993AAD-EDCB-4D87-934C-B2435959CE6B}.Release|Any CPU.Build.0 = Release|Any CPU
		{59898E55-31A3-4425-9971-AE901BB43FDB}.Debug|Any CPU.ActiveCfg = Debug|Any CPU
		{59898E55-31A3-4425-9971-AE901BB43FDB}.Debug|Any CPU.Build.0 = Debug|Any CPU
		{59898E55-31A3-4425-9971-AE901BB43FDB}.Release|Any CPU.ActiveCfg = Release|Any CPU
		{59898E55-31A3-4425-9971-AE901BB43FDB}.Release|Any CPU.Build.0 = Release|Any CPU
		{E93C1444-DF18-4FEF-A61E-B28BDCA7427E}.Debug|Any CPU.ActiveCfg = Debug|Any CPU
		{E93C1444-DF18-4FEF-A61E-B28BDCA7427E}.Debug|Any CPU.Build.0 = Debug|Any CPU
		{E93C1444-DF18-4FEF-A61E-B28BDCA7427E}.Release|Any CPU.ActiveCfg = Release|Any CPU
		{E93C1444-DF18-4FEF-A61E-B28BDCA7427E}.Release|Any CPU.Build.0 = Release|Any CPU
		{48DC2385-D82D-4412-9876-C66BC73824EA}.Debug|Any CPU.ActiveCfg = Debug|Any CPU
		{48DC2385-D82D-4412-9876-C66BC73824EA}.Debug|Any CPU.Build.0 = Debug|Any CPU
		{48DC2385-D82D-4412-9876-C66BC73824EA}.Release|Any CPU.ActiveCfg = Release|Any CPU
		{48DC2385-D82D-4412-9876-C66BC73824EA}.Release|Any CPU.Build.0 = Release|Any CPU
		{4DF35182-6B94-4A5B-85F2-9167AEF2396C}.Debug|Any CPU.ActiveCfg = Debug|Any CPU
		{4DF35182-6B94-4A5B-85F2-9167AEF2396C}.Debug|Any CPU.Build.0 = Debug|Any CPU
		{4DF35182-6B94-4A5B-85F2-9167AEF2396C}.Release|Any CPU.ActiveCfg = Release|Any CPU
		{4DF35182-6B94-4A5B-85F2-9167AEF2396C}.Release|Any CPU.Build.0 = Release|Any CPU
		{098BAF4A-14F3-42C7-8F87-303E77DCFF06}.Debug|Any CPU.ActiveCfg = Debug|Any CPU
		{098BAF4A-14F3-42C7-8F87-303E77DCFF06}.Debug|Any CPU.Build.0 = Debug|Any CPU
		{098BAF4A-14F3-42C7-8F87-303E77DCFF06}.Release|Any CPU.ActiveCfg = Release|Any CPU
		{098BAF4A-14F3-42C7-8F87-303E77DCFF06}.Release|Any CPU.Build.0 = Release|Any CPU
		{837E316F-07FF-4DE8-81FB-DDE6C5D2D121}.Debug|Any CPU.ActiveCfg = Debug|Any CPU
		{837E316F-07FF-4DE8-81FB-DDE6C5D2D121}.Debug|Any CPU.Build.0 = Debug|Any CPU
		{837E316F-07FF-4DE8-81FB-DDE6C5D2D121}.Release|Any CPU.ActiveCfg = Release|Any CPU
		{837E316F-07FF-4DE8-81FB-DDE6C5D2D121}.Release|Any CPU.Build.0 = Release|Any CPU
		{856A1B22-B5ED-4913-B9EF-EEF008F34AB0}.Debug|Any CPU.ActiveCfg = Debug|Any CPU
		{856A1B22-B5ED-4913-B9EF-EEF008F34AB0}.Debug|Any CPU.Build.0 = Debug|Any CPU
		{856A1B22-B5ED-4913-B9EF-EEF008F34AB0}.Release|Any CPU.ActiveCfg = Release|Any CPU
		{856A1B22-B5ED-4913-B9EF-EEF008F34AB0}.Release|Any CPU.Build.0 = Release|Any CPU
		{FF65F482-38C7-40CD-A5EE-E6F2F30B0067}.Debug|Any CPU.ActiveCfg = Debug|Any CPU
		{FF65F482-38C7-40CD-A5EE-E6F2F30B0067}.Debug|Any CPU.Build.0 = Debug|Any CPU
		{FF65F482-38C7-40CD-A5EE-E6F2F30B0067}.Release|Any CPU.ActiveCfg = Release|Any CPU
		{FF65F482-38C7-40CD-A5EE-E6F2F30B0067}.Release|Any CPU.Build.0 = Release|Any CPU
		{5EC9B909-7A36-40DD-95C7-9DBE8EDC47D9}.Debug|Any CPU.ActiveCfg = Debug|Any CPU
		{5EC9B909-7A36-40DD-95C7-9DBE8EDC47D9}.Debug|Any CPU.Build.0 = Debug|Any CPU
		{5EC9B909-7A36-40DD-95C7-9DBE8EDC47D9}.Release|Any CPU.ActiveCfg = Release|Any CPU
		{5EC9B909-7A36-40DD-95C7-9DBE8EDC47D9}.Release|Any CPU.Build.0 = Release|Any CPU
		{EC898D36-7947-46F8-A30A-6A9FED702994}.Debug|Any CPU.ActiveCfg = Debug|Any CPU
		{EC898D36-7947-46F8-A30A-6A9FED702994}.Debug|Any CPU.Build.0 = Debug|Any CPU
		{EC898D36-7947-46F8-A30A-6A9FED702994}.Release|Any CPU.ActiveCfg = Release|Any CPU
		{EC898D36-7947-46F8-A30A-6A9FED702994}.Release|Any CPU.Build.0 = Release|Any CPU
		{8D55DE13-E7D4-485A-8F00-01D5ED6662A8}.Debug|Any CPU.ActiveCfg = Debug|Any CPU
		{8D55DE13-E7D4-485A-8F00-01D5ED6662A8}.Debug|Any CPU.Build.0 = Debug|Any CPU
		{8D55DE13-E7D4-485A-8F00-01D5ED6662A8}.Release|Any CPU.ActiveCfg = Release|Any CPU
		{8D55DE13-E7D4-485A-8F00-01D5ED6662A8}.Release|Any CPU.Build.0 = Release|Any CPU
		{23FBE032-C4DE-46F4-AC47-2861295682F0}.Debug|Any CPU.ActiveCfg = Debug|Any CPU
		{23FBE032-C4DE-46F4-AC47-2861295682F0}.Debug|Any CPU.Build.0 = Debug|Any CPU
		{23FBE032-C4DE-46F4-AC47-2861295682F0}.Release|Any CPU.ActiveCfg = Release|Any CPU
		{23FBE032-C4DE-46F4-AC47-2861295682F0}.Release|Any CPU.Build.0 = Release|Any CPU
		{354366FE-5F85-41E4-8481-998875D5BAE6}.Debug|Any CPU.ActiveCfg = Debug|Any CPU
		{354366FE-5F85-41E4-8481-998875D5BAE6}.Debug|Any CPU.Build.0 = Debug|Any CPU
		{354366FE-5F85-41E4-8481-998875D5BAE6}.Release|Any CPU.ActiveCfg = Release|Any CPU
		{354366FE-5F85-41E4-8481-998875D5BAE6}.Release|Any CPU.Build.0 = Release|Any CPU
		{9675CDC4-2B09-4FAD-8D32-46C38B6E8C08}.Debug|Any CPU.ActiveCfg = Debug|Any CPU
		{9675CDC4-2B09-4FAD-8D32-46C38B6E8C08}.Debug|Any CPU.Build.0 = Debug|Any CPU
		{9675CDC4-2B09-4FAD-8D32-46C38B6E8C08}.Release|Any CPU.ActiveCfg = Release|Any CPU
		{9675CDC4-2B09-4FAD-8D32-46C38B6E8C08}.Release|Any CPU.Build.0 = Release|Any CPU
		{1C7F1972-A9F5-4992-8677-522298B76673}.Debug|Any CPU.ActiveCfg = Debug|Any CPU
		{1C7F1972-A9F5-4992-8677-522298B76673}.Debug|Any CPU.Build.0 = Debug|Any CPU
		{1C7F1972-A9F5-4992-8677-522298B76673}.Release|Any CPU.ActiveCfg = Release|Any CPU
		{1C7F1972-A9F5-4992-8677-522298B76673}.Release|Any CPU.Build.0 = Release|Any CPU
		{948894C4-AFCD-4EAC-817A-69A8A769E19E}.Debug|Any CPU.ActiveCfg = Debug|Any CPU
		{948894C4-AFCD-4EAC-817A-69A8A769E19E}.Debug|Any CPU.Build.0 = Debug|Any CPU
		{948894C4-AFCD-4EAC-817A-69A8A769E19E}.Release|Any CPU.ActiveCfg = Release|Any CPU
		{948894C4-AFCD-4EAC-817A-69A8A769E19E}.Release|Any CPU.Build.0 = Release|Any CPU
		{66E22AEB-F016-4309-BDED-0EAF96105F99}.Debug|Any CPU.ActiveCfg = Debug|Any CPU
		{66E22AEB-F016-4309-BDED-0EAF96105F99}.Debug|Any CPU.Build.0 = Debug|Any CPU
		{66E22AEB-F016-4309-BDED-0EAF96105F99}.Release|Any CPU.ActiveCfg = Release|Any CPU
		{66E22AEB-F016-4309-BDED-0EAF96105F99}.Release|Any CPU.Build.0 = Release|Any CPU
		{596B1007-64F5-4743-B944-08237D46AFBC}.Debug|Any CPU.ActiveCfg = Debug|Any CPU
		{596B1007-64F5-4743-B944-08237D46AFBC}.Debug|Any CPU.Build.0 = Debug|Any CPU
		{596B1007-64F5-4743-B944-08237D46AFBC}.Release|Any CPU.ActiveCfg = Release|Any CPU
		{596B1007-64F5-4743-B944-08237D46AFBC}.Release|Any CPU.Build.0 = Release|Any CPU
		{97B7E87F-9EDC-4977-A045-EEDCD9841C3F}.Debug|Any CPU.ActiveCfg = Debug|Any CPU
		{97B7E87F-9EDC-4977-A045-EEDCD9841C3F}.Debug|Any CPU.Build.0 = Debug|Any CPU
		{97B7E87F-9EDC-4977-A045-EEDCD9841C3F}.Release|Any CPU.ActiveCfg = Release|Any CPU
		{97B7E87F-9EDC-4977-A045-EEDCD9841C3F}.Release|Any CPU.Build.0 = Release|Any CPU
		{8423E2E6-1D38-4E9F-9C21-AE9BD23DCFE9}.Debug|Any CPU.ActiveCfg = Debug|Any CPU
		{8423E2E6-1D38-4E9F-9C21-AE9BD23DCFE9}.Debug|Any CPU.Build.0 = Debug|Any CPU
		{8423E2E6-1D38-4E9F-9C21-AE9BD23DCFE9}.Release|Any CPU.ActiveCfg = Release|Any CPU
		{8423E2E6-1D38-4E9F-9C21-AE9BD23DCFE9}.Release|Any CPU.Build.0 = Release|Any CPU
	EndGlobalSection
	GlobalSection(SolutionProperties) = preSolution
		HideSolutionNode = FALSE
	EndGlobalSection
	GlobalSection(NestedProjects) = preSolution
		{4DF35182-6B94-4A5B-85F2-9167AEF2396C} = {F2D89687-832C-476D-8E1F-13874DCFA99E}
		{098BAF4A-14F3-42C7-8F87-303E77DCFF06} = {F2D89687-832C-476D-8E1F-13874DCFA99E}
		{837E316F-07FF-4DE8-81FB-DDE6C5D2D121} = {F2D89687-832C-476D-8E1F-13874DCFA99E}
		{856A1B22-B5ED-4913-B9EF-EEF008F34AB0} = {F2D89687-832C-476D-8E1F-13874DCFA99E}
		{FF65F482-38C7-40CD-A5EE-E6F2F30B0067} = {F2D89687-832C-476D-8E1F-13874DCFA99E}
		{5EC9B909-7A36-40DD-95C7-9DBE8EDC47D9} = {F2D89687-832C-476D-8E1F-13874DCFA99E}
		{61F382C7-2F7E-4CF1-B068-39F5878AA704} = {F2D89687-832C-476D-8E1F-13874DCFA99E}
		{EC898D36-7947-46F8-A30A-6A9FED702994} = {61F382C7-2F7E-4CF1-B068-39F5878AA704}
		{8D55DE13-E7D4-485A-8F00-01D5ED6662A8} = {61F382C7-2F7E-4CF1-B068-39F5878AA704}
		{23FBE032-C4DE-46F4-AC47-2861295682F0} = {61F382C7-2F7E-4CF1-B068-39F5878AA704}
		{354366FE-5F85-41E4-8481-998875D5BAE6} = {61F382C7-2F7E-4CF1-B068-39F5878AA704}
		{9675CDC4-2B09-4FAD-8D32-46C38B6E8C08} = {61F382C7-2F7E-4CF1-B068-39F5878AA704}
		{1C7F1972-A9F5-4992-8677-522298B76673} = {61F382C7-2F7E-4CF1-B068-39F5878AA704}
		{948894C4-AFCD-4EAC-817A-69A8A769E19E} = {F8411D4D-6E02-4655-972F-9B2CE5E274A5}
		{66E22AEB-F016-4309-BDED-0EAF96105F99} = {F8411D4D-6E02-4655-972F-9B2CE5E274A5}
		{596B1007-64F5-4743-B944-08237D46AFBC} = {F8411D4D-6E02-4655-972F-9B2CE5E274A5}
		{97B7E87F-9EDC-4977-A045-EEDCD9841C3F} = {F8411D4D-6E02-4655-972F-9B2CE5E274A5}
		{8423E2E6-1D38-4E9F-9C21-AE9BD23DCFE9} = {F2D89687-832C-476D-8E1F-13874DCFA99E}
	EndGlobalSection
	GlobalSection(ExtensibilityGlobals) = postSolution
		SolutionGuid = {82F14EFB-3BA2-44A3-BA19-3D401A92CC78}
	EndGlobalSection
EndGlobal
